{
  "version": 4,
  "terraform_version": "1.3.9",
  "serial": 1,
  "lineage": "6698f122-833f-fc43-2177-b6bb062ca41e",
  "outputs": {},
  "resources": [
    {
      "mode": "managed",
      "type": "aws_vpc",
      "name": "prime-vpc",
      "provider": "provider[\"registry.terraform.io/hashicorp/aws\"]",
      "instances": [
        {
          "schema_version": 1,
          "attributes": {
            "arn": "arn:aws:ec2:us-east-1:649020598983:vpc/vpc-0bf2e95f4433e6ed2",
            "assign_generated_ipv6_cidr_block": false,
            "cidr_block": "10.0.0.0/16",
            "default_network_acl_id": "acl-05823e4418004cb5f",
            "default_route_table_id": "rtb-07bf50e82c0af9ec8",
            "default_security_group_id": "sg-0a5198f1a6305513a",
            "dhcp_options_id": "dopt-04781b07ba6ce30c4",
            "enable_classiclink": false,
            "enable_classiclink_dns_support": false,
            "enable_dns_hostnames": true,
            "enable_dns_support": true,
            "enable_network_address_usage_metrics": false,
            "id": "vpc-0bf2e95f4433e6ed2",
            "instance_tenancy": "default",
            "ipv4_ipam_pool_id": null,
            "ipv4_netmask_length": null,
            "ipv6_association_id": "",
            "ipv6_cidr_block": "",
            "ipv6_cidr_block_network_border_group": "",
            "ipv6_ipam_pool_id": "",
            "ipv6_netmask_length": 0,
            "main_route_table_id": "rtb-07bf50e82c0af9ec8",
            "owner_id": "649020598983",
            "tags": {
              "Name": "prime-vpc"
            },
            "tags_all": {
              "Name": "prime-vpc"
            }
          },
          "sensitive_attributes": [],
          "private": "eyJzY2hlbWFfdmVyc2lvbiI6IjEifQ=="
        }
      ]
    }
  ],
  "check_results": null
}
